
Microsoft Visual Studio Solution File, Format Version 12.00
# Visual Studio Version 16
VisualStudioVersion = 16.0.30114.105
MinimumVisualStudioVersion = 10.0.40219.1
Project("{FAE04EC0-301F-11D3-BF4B-00C04F79EFBC}") = "DockerScript", "DockerScript\DockerScript.csproj", "{F651BEC9-92C8-4F0D-9E0C-3FDB1D13DA2D}"
EndProject
Project("{FAE04EC0-301F-11D3-BF4B-00C04F79EFBC}") = "Test", "Test\Test.csproj", "{38448F79-AFEA-4D28-82A7-4A1DB3F547E4}"
EndProject
Global
	GlobalSection(SolutionConfigurationPlatforms) = preSolution
		Debug|Any CPU = Debug|Any CPU
		Release|Any CPU = Release|Any CPU
	EndGlobalSection
	GlobalSection(SolutionProperties) = preSolution
		HideSolutionNode = FALSE
	EndGlobalSection
	GlobalSection(ProjectConfigurationPlatforms) = postSolution
		{F651BEC9-92C8-4F0D-9E0C-3FDB1D13DA2D}.Debug|Any CPU.ActiveCfg = Debug|Any CPU
		{F651BEC9-92C8-4F0D-9E0C-3FDB1D13DA2D}.Debug|Any CPU.Build.0 = Debug|Any CPU
		{F651BEC9-92C8-4F0D-9E0C-3FDB1D13DA2D}.Release|Any CPU.ActiveCfg = Release|Any CPU
		{F651BEC9-92C8-4F0D-9E0C-3FDB1D13DA2D}.Release|Any CPU.Build.0 = Release|Any CPU
		{38448F79-AFEA-4D28-82A7-4A1DB3F547E4}.Debug|Any CPU.ActiveCfg = Debug|Any CPU
		{38448F79-AFEA-4D28-82A7-4A1DB3F547E4}.Debug|Any CPU.Build.0 = Debug|Any CPU
		{38448F79-AFEA-4D28-82A7-4A1DB3F547E4}.Release|Any CPU.ActiveCfg = Release|Any CPU
		{38448F79-AFEA-4D28-82A7-4A1DB3F547E4}.Release|Any CPU.Build.0 = Release|Any CPU
	EndGlobalSection
EndGlobal
